
Microsoft Visual Studio Solution File, Format Version 12.00
# Visual Studio Version 17
VisualStudioVersion = 17.1.32210.238
MinimumVisualStudioVersion = 10.0.40219.1
Project("{9A19103F-16F7-4668-BE54-9A1E7A4F7556}") = "OneDriveManager", "OneDriveManager\OneDriveManager.csproj", "{0A439A1F-9479-4DEB-8807-4284ACA06924}"
EndProject
Project("{9A19103F-16F7-4668-BE54-9A1E7A4F7556}") = "API", "Api\API.csproj", "{8597E9F5-05F7-4B72-9B7E-2AD9A75C7E4C}"
EndProject
Global
	GlobalSection(SolutionConfigurationPlatforms) = preSolution
		Debug|Any CPU = Debug|Any CPU
		Release|Any CPU = Release|Any CPU
	EndGlobalSection
	GlobalSection(ProjectConfigurationPlatforms) = postSolution
		{0A439A1F-9479-4DEB-8807-4284ACA06924}.Debug|Any CPU.ActiveCfg = Debug|Any CPU
		{0A439A1F-9479-4DEB-8807-4284ACA06924}.Debug|Any CPU.Build.0 = Debug|Any CPU
		{0A439A1F-9479-4DEB-8807-4284ACA06924}.Release|Any CPU.ActiveCfg = Release|Any CPU
		{0A439A1F-9479-4DEB-8807-4284ACA06924}.Release|Any CPU.Build.0 = Release|Any CPU
		{8597E9F5-05F7-4B72-9B7E-2AD9A75C7E4C}.Debug|Any CPU.ActiveCfg = Debug|Any CPU
		{8597E9F5-05F7-4B72-9B7E-2AD9A75C7E4C}.Debug|Any CPU.Build.0 = Debug|Any CPU
		{8597E9F5-05F7-4B72-9B7E-2AD9A75C7E4C}.Release|Any CPU.ActiveCfg = Release|Any CPU
		{8597E9F5-05F7-4B72-9B7E-2AD9A75C7E4C}.Release|Any CPU.Build.0 = Release|Any CPU
	EndGlobalSection
	GlobalSection(SolutionProperties) = preSolution
		HideSolutionNode = FALSE
	EndGlobalSection
	GlobalSection(ExtensibilityGlobals) = postSolution
		SolutionGuid = {3E9C2EB6-0B5E-4745-AAF9-38D396BB0FD3}
	EndGlobalSection
EndGlobal
